// !$*UTF8*$!
{
	archiveVersion = 1;
	classes = {
	};
	objectVersion = 46;
	objects = {

/* Begin PBXBuildFile section */
		926154751EC75F610021367A /* main.m in Sources */ = {isa = PBXBuildFile; fileRef = 926154741EC75F610021367A /* main.m */; };
		9261547D1EC75F810021367A /* Philosopher.m in Sources */ = {isa = PBXBuildFile; fileRef = 9261547C1EC75F810021367A /* Philosopher.m */; };
		926154801EC75FBB0021367A /* Spoon.m in Sources */ = {isa = PBXBuildFile; fileRef = 9261547F1EC75FBB0021367A /* Spoon.m */; };
		926154831EC7A8130021367A /* PhilosopherObj.m in Sources */ = {isa = PBXBuildFile; fileRef = 926154821EC7A8120021367A /* PhilosopherObj.m */; };
/* End PBXBuildFile section */

/* Begin PBXCopyFilesBuildPhase section */
		9261546F1EC75F610021367A /* CopyFiles */ = {
			isa = PBXCopyFilesBuildPhase;
			buildActionMask = 2147483647;
			dstPath = /usr/share/man/man1/;
			dstSubfolderSpec = 0;
			files = (
			);
			runOnlyForDeploymentPostprocessing = 1;
		};
/* End PBXCopyFilesBuildPhase section */

/* Begin PBXFileReference section */
		926154711EC75F610021367A /* ThreadTesting */ = {isa = PBXFileReference; explicitFileType = "compiled.mach-o.executable"; includeInIndex = 0; path = ThreadTesting; sourceTree = BUILT_PRODUCTS_DIR; };
		926154741EC75F610021367A /* main.m */ = {isa = PBXFileReference; lastKnownFileType = sourcecode.c.objc; path = main.m; sourceTree = "<group>"; };
		9261547B1EC75F810021367A /* Philosopher.h */ = {isa = PBXFileReference; fileEncoding = 4; lastKnownFileType = sourcecode.c.h; path = Philosopher.h; sourceTree = "<group>"; };
		9261547C1EC75F810021367A /* Philosopher.m */ = {isa = PBXFileReference; fileEncoding = 4; lastKnownFileType = sourcecode.c.objc; path = Philosopher.m; sourceTree = "<group>"; };
		9261547E1EC75FBB0021367A /* Spoon.h */ = {isa = PBXFileReference; fileEncoding = 4; lastKnownFileType = sourcecode.c.h; path = Spoon.h; sourceTree = "<group>"; };
		9261547F1EC75FBB0021367A /* Spoon.m */ = {isa = PBXFileReference; fileEncoding = 4; lastKnownFileType = sourcecode.c.objc; path = Spoon.m; sourceTree = "<group>"; };
		926154811EC7A8120021367A /* PhilosopherObj.h */ = {isa = PBXFileReference; fileEncoding = 4; lastKnownFileType = sourcecode.c.h; path = PhilosopherObj.h; sourceTree = "<group>"; };
		926154821EC7A8120021367A /* PhilosopherObj.m */ = {isa = PBXFileReference; fileEncoding = 4; lastKnownFileType = sourcecode.c.objc; path = PhilosopherObj.m; sourceTree = "<group>"; };
/* End PBXFileReference section */

/* Begin PBXFrameworksBuildPhase section */
		9261546E1EC75F610021367A /* Frameworks */ = {
			isa = PBXFrameworksBuildPhase;
			buildActionMask = 2147483647;
			files = (
			);
			runOnlyForDeploymentPostprocessing = 0;
		};
/* End PBXFrameworksBuildPhase section */

/* Begin PBXGroup section */
		926154681EC75F600021367A = {
			isa = PBXGroup;
			children = (
				926154731EC75F610021367A /* ThreadTesting */,
				926154721EC75F610021367A /* Products */,
			);
			sourceTree = "<group>";
		};
		926154721EC75F610021367A /* Products */ = {
			isa = PBXGroup;
			children = (
				926154711EC75F610021367A /* ThreadTesting */,
			);
			name = Products;
			sourceTree = "<group>";
		};
		926154731EC75F610021367A /* ThreadTesting */ = {
			isa = PBXGroup;
			children = (
				926154741EC75F610021367A /* main.m */,
				9261547B1EC75F810021367A /* Philosopher.h */,
				9261547C1EC75F810021367A /* Philosopher.m */,
				9261547E1EC75FBB0021367A /* Spoon.h */,
				9261547F1EC75FBB0021367A /* Spoon.m */,
				926154811EC7A8120021367A /* PhilosopherObj.h */,
				926154821EC7A8120021367A /* PhilosopherObj.m */,
			);
			path = ThreadTesting;
			sourceTree = "<group>";
		};
/* End PBXGroup section */

/* Begin PBXNativeTarget section */
		926154701EC75F610021367A /* ThreadTesting */ = {
			isa = PBXNativeTarget;
			buildConfigurationList = 926154781EC75F610021367A /* Build configuration list for PBXNativeTarget "ThreadTesting" */;
			buildPhases = (
				9261546D1EC75F610021367A /* Sources */,
				9261546E1EC75F610021367A /* Frameworks */,
				9261546F1EC75F610021367A /* CopyFiles */,
			);
			buildRules = (
			);
			dependencies = (
			);
			name = ThreadTesting;
			productName = ThreadTesting;
			productReference = 926154711EC75F610021367A /* ThreadTesting */;
			productType = "com.apple.product-type.tool";
		};
/* End PBXNativeTarget section */

/* Begin PBXProject section */
		926154691EC75F600021367A /* Project object */ = {
			isa = PBXProject;
			attributes = {
				LastUpgradeCheck = 0830;
				ORGANIZATIONNAME = "Julia Sharaeva";
				TargetAttributes = {
					926154701EC75F610021367A = {
						CreatedOnToolsVersion = 8.3.2;
						DevelopmentTeam = P85JQ5XGQC;
						ProvisioningStyle = Automatic;
					};
				};
			};
			buildConfigurationList = 9261546C1EC75F600021367A /* Build configuration list for PBXProject "ThreadTesting" */;
			compatibilityVersion = "Xcode 3.2";
			developmentRegion = English;
			hasScannedForEncodings = 0;
			knownRegions = (
				en,
			);
			mainGroup = 926154681EC75F600021367A;
			productRefGroup = 926154721EC75F610021367A /* Products */;
			projectDirPath = "";
			projectRoot = "";
			targets = (
				926154701EC75F610021367A /* ThreadTesting */,
			);
		};
/* End PBXProject section */

/* Begin PBXSourcesBuildPhase section */
		9261546D1EC75F610021367A /* Sources */ = {
			isa = PBXSourcesBuildPhase;
			buildActionMask = 2147483647;
			files = (
				926154801EC75FBB0021367A /* Spoon.m in Sources */,
				926154751EC75F610021367A /* main.m in Sources */,
				9261547D1EC75F810021367A /* Philosopher.m in Sources */,
				926154831EC7A8130021367A /* PhilosopherObj.m in Sources */,
			);
			runOnlyForDeploymentPostprocessing = 0;
		};
/* End PBXSourcesBuildPhase section */

/* Begin XCBuildConfiguration section */
		926154761EC75F610021367A /* Debug */ = {
			isa = XCBuildConfiguration;
			buildSettings = {
				ALWAYS_SEARCH_USER_PATHS = NO;
				CLANG_ANALYZER_NONNULL = YES;
				CLANG_ANALYZER_NUMBER_OBJECT_CONVERSION = YES_AGGRESSIVE;
				CLANG_CXX_LANGUAGE_STANDARD = "gnu++0x";
				CLANG_CXX_LIBRARY = "libc++";
				CLANG_ENABLE_MODULES = YES;
				CLANG_ENABLE_OBJC_ARC = YES;
				CLANG_WARN_BOOL_CONVERSION = YES;
				CLANG_WARN_CONSTANT_CONVERSION = YES;
				CLANG_WARN_DIRECT_OBJC_ISA_USAGE = YES_ERROR;
				CLANG_WARN_DOCUMENTATION_COMMENTS = YES;
				CLANG_WARN_EMPTY_BODY = YES;
				CLANG_WARN_ENUM_CONVERSION = YES;
				CLANG_WARN_INFINITE_RECURSION = YES;
				CLANG_WARN_INT_CONVERSION = YES;
				CLANG_WARN_OBJC_ROOT_CLASS = YES_ERROR;
				CLANG_WARN_SUSPICIOUS_MOVE = YES;
				CLANG_WARN_UNREACHABLE_CODE = YES;
				CLANG_WARN__DUPLICATE_METHOD_MATCH = YES;
				CODE_SIGN_IDENTITY = "-";
				COPY_PHASE_STRIP = NO;
				DEBUG_INFORMATION_FORMAT = dwarf;
				ENABLE_STRICT_OBJC_MSGSEND = YES;
				ENABLE_TESTABILITY = YES;
				GCC_C_LANGUAGE_STANDARD = gnu99;
				GCC_DYNAMIC_NO_PIC = NO;
				GCC_NO_COMMON_BLOCKS = YES;
				GCC_OPTIMIZATION_LEVEL = 0;
				GCC_PREPROCESSOR_DEFINITIONS = (
					"DEBUG=1",
					"$(inherited)",
				);
				GCC_WARN_64_TO_32_BIT_CONVERSION = YES;
				GCC_WARN_ABOUT_RETURN_TYPE = YES_ERROR;
				GCC_WARN_UNDECLARED_SELECTOR = YES;
				GCC_WARN_UNINITIALIZED_AUTOS = YES_AGGRESSIVE;
				GCC_WARN_UNUSED_FUNCTION = YES;
				GCC_WARN_UNUSED_VARIABLE = YES;
				MACOSX_DEPLOYMENT_TARGET = 10.12;
				MTL_ENABLE_DEBUG_INFO = YES;
				ONLY_ACTIVE_ARCH = YES;
				SDKROOT = macosx;
			};
			name = Debug;
		};
		926154771EC75F610021367A /* Release */ = {
			isa = XCBuildConfiguration;
			buildSettings = {
				ALWAYS_SEARCH_USER_PATHS = NO;
				CLANG_ANALYZER_NONNULL = YES;
				CLANG_ANALYZER_NUMBER_OBJECT_CONVERSION = YES_AGGRESSIVE;
				CLANG_CXX_LANGUAGE_STANDARD = "gnu++0x";
				CLANG_CXX_LIBRARY = "libc++";
				CLANG_ENABLE_MODULES = YES;
				CLANG_ENABLE_OBJC_ARC = YES;
				CLANG_WARN_BOOL_CONVERSION = YES;
				CLANG_WARN_CONSTANT_CONVERSION = YES;
				CLANG_WARN_DIRECT_OBJC_ISA_USAGE = YES_ERROR;
				CLANG_WARN_DOCUMENTATION_COMMENTS = YES;
				CLANG_WARN_EMPTY_BODY = YES;
				CLANG_WARN_ENUM_CONVERSION = YES;
				CLANG_WARN_INFINITE_RECURSION = YES;
				CLANG_WARN_INT_CONVERSION = YES;
				CLANG_WARN_OBJC_ROOT_CLASS = YES_ERROR;
				CLANG_WARN_SUSPICIOUS_MOVE = YES;
				CLANG_WARN_UNREACHABLE_CODE = YES;
				CLANG_WARN__DUPLICATE_METHOD_MATCH = YES;
				CODE_SIGN_IDENTITY = "-";
				COPY_PHASE_STRIP = NO;
				DEBUG_INFORMATION_FORMAT = "dwarf-with-dsym";
				ENABLE_NS_ASSERTIONS = NO;
				ENABLE_STRICT_OBJC_MSGSEND = YES;
				GCC_C_LANGUAGE_STANDARD = gnu99;
				GCC_NO_COMMON_BLOCKS = YES;
				GCC_WARN_64_TO_32_BIT_CONVERSION = YES;
				GCC_WARN_ABOUT_RETURN_TYPE = YES_ERROR;
				GCC_WARN_UNDECLARED_SELECTOR = YES;
				GCC_WARN_UNINITIALIZED_AUTOS = YES_AGGRESSIVE;
				GCC_WARN_UNUSED_FUNCTION = YES;
				GCC_WARN_UNUSED_VARIABLE = YES;
				MACOSX_DEPLOYMENT_TARGET = 10.12;
				MTL_ENABLE_DEBUG_INFO = NO;
				SDKROOT = macosx;
			};
			name = Release;
		};
		926154791EC75F610021367A /* Debug */ = {
			isa = XCBuildConfiguration;
			buildSettings = {
				DEVELOPMENT_TEAM = P85JQ5XGQC;
				MACOSX_DEPLOYMENT_TARGET = 10.6;
				PRODUCT_NAME = "$(TARGET_NAME)";
			};
			name = Debug;
		};
		9261547A1EC75F610021367A /* Release */ = {
			isa = XCBuildConfiguration;
			buildSettings = {
				DEVELOPMENT_TEAM = P85JQ5XGQC;
				MACOSX_DEPLOYMENT_TARGET = 10.6;
				PRODUCT_NAME = "$(TARGET_NAME)";
			};
			name = Release;
		};
/* End XCBuildConfiguration section */

/* Begin XCConfigurationList section */
		9261546C1EC75F600021367A /* Build configuration list for PBXProject "ThreadTesting" */ = {
			isa = XCConfigurationList;
			buildConfigurations = (
				926154761EC75F610021367A /* Debug */,
				926154771EC75F610021367A /* Release */,
			);
			defaultConfigurationIsVisible = 0;
			defaultConfigurationName = Release;
		};
		926154781EC75F610021367A /* Build configuration list for PBXNativeTarget "ThreadTesting" */ = {
			isa = XCConfigurationList;
			buildConfigurations = (
				926154791EC75F610021367A /* Debug */,
				9261547A1EC75F610021367A /* Release */,
			);
			defaultConfigurationIsVisible = 0;
		};
/* End XCConfigurationList section */
	};
	rootObject = 926154691EC75F600021367A /* Project object */;
}
