// !$*UTF8*$!
{
	archiveVersion = 1;
	classes = {
	};
	objectVersion = 46;
	objects = {

/* Begin PBXBuildFile section */
		04B87CD71EF9865E00175FCB /* main.m in Sources */ = {isa = PBXBuildFile; fileRef = 04B87CD61EF9865E00175FCB /* main.m */; };
		04B87CE01EF986A800175FCB /* PlainPrinter.m in Sources */ = {isa = PBXBuildFile; fileRef = 04B87CDF1EF986A800175FCB /* PlainPrinter.m */; };
		04B87CE31EF987A600175FCB /* PrinterDecorator.m in Sources */ = {isa = PBXBuildFile; fileRef = 04B87CE21EF987A600175FCB /* PrinterDecorator.m */; };
/* End PBXBuildFile section */

/* Begin PBXCopyFilesBuildPhase section */
		04B87CD11EF9865E00175FCB /* CopyFiles */ = {
			isa = PBXCopyFilesBuildPhase;
			buildActionMask = 2147483647;
			dstPath = /usr/share/man/man1/;
			dstSubfolderSpec = 0;
			files = (
			);
			runOnlyForDeploymentPostprocessing = 1;
		};
/* End PBXCopyFilesBuildPhase section */

/* Begin PBXFileReference section */
		04B87CD31EF9865E00175FCB /* testDecorator */ = {isa = PBXFileReference; explicitFileType = "compiled.mach-o.executable"; includeInIndex = 0; path = testDecorator; sourceTree = BUILT_PRODUCTS_DIR; };
		04B87CD61EF9865E00175FCB /* main.m */ = {isa = PBXFileReference; lastKnownFileType = sourcecode.c.objc; path = main.m; sourceTree = "<group>"; };
		04B87CDD1EF9867500175FCB /* StringPrinter.h */ = {isa = PBXFileReference; fileEncoding = 4; lastKnownFileType = sourcecode.c.h; path = StringPrinter.h; sourceTree = "<group>"; };
		04B87CDE1EF986A800175FCB /* PlainPrinter.h */ = {isa = PBXFileReference; fileEncoding = 4; lastKnownFileType = sourcecode.c.h; path = PlainPrinter.h; sourceTree = "<group>"; };
		04B87CDF1EF986A800175FCB /* PlainPrinter.m */ = {isa = PBXFileReference; fileEncoding = 4; lastKnownFileType = sourcecode.c.objc; path = PlainPrinter.m; sourceTree = "<group>"; };
		04B87CE11EF987A600175FCB /* PrinterDecorator.h */ = {isa = PBXFileReference; fileEncoding = 4; lastKnownFileType = sourcecode.c.h; path = PrinterDecorator.h; sourceTree = "<group>"; };
		04B87CE21EF987A600175FCB /* PrinterDecorator.m */ = {isa = PBXFileReference; fileEncoding = 4; lastKnownFileType = sourcecode.c.objc; path = PrinterDecorator.m; sourceTree = "<group>"; };
/* End PBXFileReference section */

/* Begin PBXFrameworksBuildPhase section */
		04B87CD01EF9865E00175FCB /* Frameworks */ = {
			isa = PBXFrameworksBuildPhase;
			buildActionMask = 2147483647;
			files = (
			);
			runOnlyForDeploymentPostprocessing = 0;
		};
/* End PBXFrameworksBuildPhase section */

/* Begin PBXGroup section */
		04B87CCA1EF9865E00175FCB = {
			isa = PBXGroup;
			children = (
				04B87CD51EF9865E00175FCB /* testDecorator */,
				04B87CD41EF9865E00175FCB /* Products */,
			);
			sourceTree = "<group>";
		};
		04B87CD41EF9865E00175FCB /* Products */ = {
			isa = PBXGroup;
			children = (
				04B87CD31EF9865E00175FCB /* testDecorator */,
			);
			name = Products;
			sourceTree = "<group>";
		};
		04B87CD51EF9865E00175FCB /* testDecorator */ = {
			isa = PBXGroup;
			children = (
				04B87CD61EF9865E00175FCB /* main.m */,
				04B87CDD1EF9867500175FCB /* StringPrinter.h */,
				04B87CDE1EF986A800175FCB /* PlainPrinter.h */,
				04B87CDF1EF986A800175FCB /* PlainPrinter.m */,
				04B87CE11EF987A600175FCB /* PrinterDecorator.h */,
				04B87CE21EF987A600175FCB /* PrinterDecorator.m */,
			);
			path = testDecorator;
			sourceTree = "<group>";
		};
/* End PBXGroup section */

/* Begin PBXNativeTarget section */
		04B87CD21EF9865E00175FCB /* testDecorator */ = {
			isa = PBXNativeTarget;
			buildConfigurationList = 04B87CDA1EF9865E00175FCB /* Build configuration list for PBXNativeTarget "testDecorator" */;
			buildPhases = (
				04B87CCF1EF9865E00175FCB /* Sources */,
				04B87CD01EF9865E00175FCB /* Frameworks */,
				04B87CD11EF9865E00175FCB /* CopyFiles */,
			);
			buildRules = (
			);
			dependencies = (
			);
			name = testDecorator;
			productName = testDecorator;
			productReference = 04B87CD31EF9865E00175FCB /* testDecorator */;
			productType = "com.apple.product-type.tool";
		};
/* End PBXNativeTarget section */

/* Begin PBXProject section */
		04B87CCB1EF9865E00175FCB /* Project object */ = {
			isa = PBXProject;
			attributes = {
				LastUpgradeCheck = 0830;
				ORGANIZATIONNAME = JSh;
				TargetAttributes = {
					04B87CD21EF9865E00175FCB = {
						CreatedOnToolsVersion = 8.3.2;
						DevelopmentTeam = 52MJRS22LM;
						ProvisioningStyle = Automatic;
					};
				};
			};
			buildConfigurationList = 04B87CCE1EF9865E00175FCB /* Build configuration list for PBXProject "testDecorator" */;
			compatibilityVersion = "Xcode 3.2";
			developmentRegion = English;
			hasScannedForEncodings = 0;
			knownRegions = (
				en,
			);
			mainGroup = 04B87CCA1EF9865E00175FCB;
			productRefGroup = 04B87CD41EF9865E00175FCB /* Products */;
			projectDirPath = "";
			projectRoot = "";
			targets = (
				04B87CD21EF9865E00175FCB /* testDecorator */,
			);
		};
/* End PBXProject section */

/* Begin PBXSourcesBuildPhase section */
		04B87CCF1EF9865E00175FCB /* Sources */ = {
			isa = PBXSourcesBuildPhase;
			buildActionMask = 2147483647;
			files = (
				04B87CD71EF9865E00175FCB /* main.m in Sources */,
				04B87CE31EF987A600175FCB /* PrinterDecorator.m in Sources */,
				04B87CE01EF986A800175FCB /* PlainPrinter.m in Sources */,
			);
			runOnlyForDeploymentPostprocessing = 0;
		};
/* End PBXSourcesBuildPhase section */

/* Begin XCBuildConfiguration section */
		04B87CD81EF9865E00175FCB /* Debug */ = {
			isa = XCBuildConfiguration;
			buildSettings = {
				ALWAYS_SEARCH_USER_PATHS = NO;
				CLANG_ANALYZER_NONNULL = YES;
				CLANG_ANALYZER_NUMBER_OBJECT_CONVERSION = YES_AGGRESSIVE;
				CLANG_CXX_LANGUAGE_STANDARD = "gnu++0x";
				CLANG_CXX_LIBRARY = "libc++";
				CLANG_ENABLE_MODULES = YES;
				CLANG_ENABLE_OBJC_ARC = YES;
				CLANG_WARN_BOOL_CONVERSION = YES;
				CLANG_WARN_CONSTANT_CONVERSION = YES;
				CLANG_WARN_DIRECT_OBJC_ISA_USAGE = YES_ERROR;
				CLANG_WARN_DOCUMENTATION_COMMENTS = YES;
				CLANG_WARN_EMPTY_BODY = YES;
				CLANG_WARN_ENUM_CONVERSION = YES;
				CLANG_WARN_INFINITE_RECURSION = YES;
				CLANG_WARN_INT_CONVERSION = YES;
				CLANG_WARN_OBJC_ROOT_CLASS = YES_ERROR;
				CLANG_WARN_SUSPICIOUS_MOVE = YES;
				CLANG_WARN_UNREACHABLE_CODE = YES;
				CLANG_WARN__DUPLICATE_METHOD_MATCH = YES;
				CODE_SIGN_IDENTITY = "-";
				COPY_PHASE_STRIP = NO;
				DEBUG_INFORMATION_FORMAT = dwarf;
				ENABLE_STRICT_OBJC_MSGSEND = YES;
				ENABLE_TESTABILITY = YES;
				GCC_C_LANGUAGE_STANDARD = gnu99;
				GCC_DYNAMIC_NO_PIC = NO;
				GCC_NO_COMMON_BLOCKS = YES;
				GCC_OPTIMIZATION_LEVEL = 0;
				GCC_PREPROCESSOR_DEFINITIONS = (
					"DEBUG=1",
					"$(inherited)",
				);
				GCC_WARN_64_TO_32_BIT_CONVERSION = YES;
				GCC_WARN_ABOUT_RETURN_TYPE = YES_ERROR;
				GCC_WARN_UNDECLARED_SELECTOR = YES;
				GCC_WARN_UNINITIALIZED_AUTOS = YES_AGGRESSIVE;
				GCC_WARN_UNUSED_FUNCTION = YES;
				GCC_WARN_UNUSED_VARIABLE = YES;
				MACOSX_DEPLOYMENT_TARGET = 10.12;
				MTL_ENABLE_DEBUG_INFO = YES;
				ONLY_ACTIVE_ARCH = YES;
				SDKROOT = macosx;
			};
			name = Debug;
		};
		04B87CD91EF9865E00175FCB /* Release */ = {
			isa = XCBuildConfiguration;
			buildSettings = {
				ALWAYS_SEARCH_USER_PATHS = NO;
				CLANG_ANALYZER_NONNULL = YES;
				CLANG_ANALYZER_NUMBER_OBJECT_CONVERSION = YES_AGGRESSIVE;
				CLANG_CXX_LANGUAGE_STANDARD = "gnu++0x";
				CLANG_CXX_LIBRARY = "libc++";
				CLANG_ENABLE_MODULES = YES;
				CLANG_ENABLE_OBJC_ARC = YES;
				CLANG_WARN_BOOL_CONVERSION = YES;
				CLANG_WARN_CONSTANT_CONVERSION = YES;
				CLANG_WARN_DIRECT_OBJC_ISA_USAGE = YES_ERROR;
				CLANG_WARN_DOCUMENTATION_COMMENTS = YES;
				CLANG_WARN_EMPTY_BODY = YES;
				CLANG_WARN_ENUM_CONVERSION = YES;
				CLANG_WARN_INFINITE_RECURSION = YES;
				CLANG_WARN_INT_CONVERSION = YES;
				CLANG_WARN_OBJC_ROOT_CLASS = YES_ERROR;
				CLANG_WARN_SUSPICIOUS_MOVE = YES;
				CLANG_WARN_UNREACHABLE_CODE = YES;
				CLANG_WARN__DUPLICATE_METHOD_MATCH = YES;
				CODE_SIGN_IDENTITY = "-";
				COPY_PHASE_STRIP = NO;
				DEBUG_INFORMATION_FORMAT = "dwarf-with-dsym";
				ENABLE_NS_ASSERTIONS = NO;
				ENABLE_STRICT_OBJC_MSGSEND = YES;
				GCC_C_LANGUAGE_STANDARD = gnu99;
				GCC_NO_COMMON_BLOCKS = YES;
				GCC_WARN_64_TO_32_BIT_CONVERSION = YES;
				GCC_WARN_ABOUT_RETURN_TYPE = YES_ERROR;
				GCC_WARN_UNDECLARED_SELECTOR = YES;
				GCC_WARN_UNINITIALIZED_AUTOS = YES_AGGRESSIVE;
				GCC_WARN_UNUSED_FUNCTION = YES;
				GCC_WARN_UNUSED_VARIABLE = YES;
				MACOSX_DEPLOYMENT_TARGET = 10.12;
				MTL_ENABLE_DEBUG_INFO = NO;
				SDKROOT = macosx;
			};
			name = Release;
		};
		04B87CDB1EF9865E00175FCB /* Debug */ = {
			isa = XCBuildConfiguration;
			buildSettings = {
				DEVELOPMENT_TEAM = 52MJRS22LM;
				PRODUCT_NAME = "$(TARGET_NAME)";
			};
			name = Debug;
		};
		04B87CDC1EF9865E00175FCB /* Release */ = {
			isa = XCBuildConfiguration;
			buildSettings = {
				DEVELOPMENT_TEAM = 52MJRS22LM;
				PRODUCT_NAME = "$(TARGET_NAME)";
			};
			name = Release;
		};
/* End XCBuildConfiguration section */

/* Begin XCConfigurationList section */
		04B87CCE1EF9865E00175FCB /* Build configuration list for PBXProject "testDecorator" */ = {
			isa = XCConfigurationList;
			buildConfigurations = (
				04B87CD81EF9865E00175FCB /* Debug */,
				04B87CD91EF9865E00175FCB /* Release */,
			);
			defaultConfigurationIsVisible = 0;
			defaultConfigurationName = Release;
		};
		04B87CDA1EF9865E00175FCB /* Build configuration list for PBXNativeTarget "testDecorator" */ = {
			isa = XCConfigurationList;
			buildConfigurations = (
				04B87CDB1EF9865E00175FCB /* Debug */,
				04B87CDC1EF9865E00175FCB /* Release */,
			);
			defaultConfigurationIsVisible = 0;
		};
/* End XCConfigurationList section */
	};
	rootObject = 04B87CCB1EF9865E00175FCB /* Project object */;
}
