// !$*UTF8*$!
{
	archiveVersion = 1;
	classes = {
	};
	objectVersion = 46;
	objects = {

/* Begin PBXBuildFile section */
		04F18BCF1EF9988B00F55F5C /* main.m in Sources */ = {isa = PBXBuildFile; fileRef = 04F18BCE1EF9988B00F55F5C /* main.m */; };
		04F18BD81EF99A7D00F55F5C /* Context.m in Sources */ = {isa = PBXBuildFile; fileRef = 04F18BD71EF99A7D00F55F5C /* Context.m */; };
		04F18BDB1EF99B4200F55F5C /* StrategyAdd.m in Sources */ = {isa = PBXBuildFile; fileRef = 04F18BDA1EF99B4200F55F5C /* StrategyAdd.m */; };
		04F18BDE1EF99BFD00F55F5C /* StrategySubstract.m in Sources */ = {isa = PBXBuildFile; fileRef = 04F18BDD1EF99BFD00F55F5C /* StrategySubstract.m */; };
/* End PBXBuildFile section */

/* Begin PBXCopyFilesBuildPhase section */
		04F18BC91EF9988B00F55F5C /* CopyFiles */ = {
			isa = PBXCopyFilesBuildPhase;
			buildActionMask = 2147483647;
			dstPath = /usr/share/man/man1/;
			dstSubfolderSpec = 0;
			files = (
			);
			runOnlyForDeploymentPostprocessing = 1;
		};
/* End PBXCopyFilesBuildPhase section */

/* Begin PBXFileReference section */
		04F18BCB1EF9988B00F55F5C /* strategy */ = {isa = PBXFileReference; explicitFileType = "compiled.mach-o.executable"; includeInIndex = 0; path = strategy; sourceTree = BUILT_PRODUCTS_DIR; };
		04F18BCE1EF9988B00F55F5C /* main.m */ = {isa = PBXFileReference; lastKnownFileType = sourcecode.c.objc; path = main.m; sourceTree = "<group>"; };
		04F18BD51EF99A1C00F55F5C /* Strategy.h */ = {isa = PBXFileReference; fileEncoding = 4; lastKnownFileType = sourcecode.c.h; path = Strategy.h; sourceTree = "<group>"; };
		04F18BD61EF99A7D00F55F5C /* Context.h */ = {isa = PBXFileReference; fileEncoding = 4; lastKnownFileType = sourcecode.c.h; path = Context.h; sourceTree = "<group>"; };
		04F18BD71EF99A7D00F55F5C /* Context.m */ = {isa = PBXFileReference; fileEncoding = 4; lastKnownFileType = sourcecode.c.objc; path = Context.m; sourceTree = "<group>"; };
		04F18BD91EF99B4200F55F5C /* StrategyAdd.h */ = {isa = PBXFileReference; fileEncoding = 4; lastKnownFileType = sourcecode.c.h; path = StrategyAdd.h; sourceTree = "<group>"; };
		04F18BDA1EF99B4200F55F5C /* StrategyAdd.m */ = {isa = PBXFileReference; fileEncoding = 4; lastKnownFileType = sourcecode.c.objc; path = StrategyAdd.m; sourceTree = "<group>"; };
		04F18BDC1EF99BFD00F55F5C /* StrategySubstract.h */ = {isa = PBXFileReference; fileEncoding = 4; lastKnownFileType = sourcecode.c.h; path = StrategySubstract.h; sourceTree = "<group>"; };
		04F18BDD1EF99BFD00F55F5C /* StrategySubstract.m */ = {isa = PBXFileReference; fileEncoding = 4; lastKnownFileType = sourcecode.c.objc; path = StrategySubstract.m; sourceTree = "<group>"; };
/* End PBXFileReference section */

/* Begin PBXFrameworksBuildPhase section */
		04F18BC81EF9988B00F55F5C /* Frameworks */ = {
			isa = PBXFrameworksBuildPhase;
			buildActionMask = 2147483647;
			files = (
			);
			runOnlyForDeploymentPostprocessing = 0;
		};
/* End PBXFrameworksBuildPhase section */

/* Begin PBXGroup section */
		04F18BC21EF9988B00F55F5C = {
			isa = PBXGroup;
			children = (
				04F18BDC1EF99BFD00F55F5C /* StrategySubstract.h */,
				04F18BDD1EF99BFD00F55F5C /* StrategySubstract.m */,
				04F18BD91EF99B4200F55F5C /* StrategyAdd.h */,
				04F18BDA1EF99B4200F55F5C /* StrategyAdd.m */,
				04F18BD61EF99A7D00F55F5C /* Context.h */,
				04F18BD71EF99A7D00F55F5C /* Context.m */,
				04F18BD51EF99A1C00F55F5C /* Strategy.h */,
				04F18BCD1EF9988B00F55F5C /* strategy */,
				04F18BCC1EF9988B00F55F5C /* Products */,
			);
			sourceTree = "<group>";
		};
		04F18BCC1EF9988B00F55F5C /* Products */ = {
			isa = PBXGroup;
			children = (
				04F18BCB1EF9988B00F55F5C /* strategy */,
			);
			name = Products;
			sourceTree = "<group>";
		};
		04F18BCD1EF9988B00F55F5C /* strategy */ = {
			isa = PBXGroup;
			children = (
				04F18BCE1EF9988B00F55F5C /* main.m */,
			);
			path = strategy;
			sourceTree = "<group>";
		};
/* End PBXGroup section */

/* Begin PBXNativeTarget section */
		04F18BCA1EF9988B00F55F5C /* strategy */ = {
			isa = PBXNativeTarget;
			buildConfigurationList = 04F18BD21EF9988B00F55F5C /* Build configuration list for PBXNativeTarget "strategy" */;
			buildPhases = (
				04F18BC71EF9988B00F55F5C /* Sources */,
				04F18BC81EF9988B00F55F5C /* Frameworks */,
				04F18BC91EF9988B00F55F5C /* CopyFiles */,
			);
			buildRules = (
			);
			dependencies = (
			);
			name = strategy;
			productName = strategy;
			productReference = 04F18BCB1EF9988B00F55F5C /* strategy */;
			productType = "com.apple.product-type.tool";
		};
/* End PBXNativeTarget section */

/* Begin PBXProject section */
		04F18BC31EF9988B00F55F5C /* Project object */ = {
			isa = PBXProject;
			attributes = {
				LastUpgradeCheck = 0830;
				ORGANIZATIONNAME = JSh;
				TargetAttributes = {
					04F18BCA1EF9988B00F55F5C = {
						CreatedOnToolsVersion = 8.3.2;
						DevelopmentTeam = 52MJRS22LM;
						ProvisioningStyle = Automatic;
					};
				};
			};
			buildConfigurationList = 04F18BC61EF9988B00F55F5C /* Build configuration list for PBXProject "strategy" */;
			compatibilityVersion = "Xcode 3.2";
			developmentRegion = English;
			hasScannedForEncodings = 0;
			knownRegions = (
				en,
			);
			mainGroup = 04F18BC21EF9988B00F55F5C;
			productRefGroup = 04F18BCC1EF9988B00F55F5C /* Products */;
			projectDirPath = "";
			projectRoot = "";
			targets = (
				04F18BCA1EF9988B00F55F5C /* strategy */,
			);
		};
/* End PBXProject section */

/* Begin PBXSourcesBuildPhase section */
		04F18BC71EF9988B00F55F5C /* Sources */ = {
			isa = PBXSourcesBuildPhase;
			buildActionMask = 2147483647;
			files = (
				04F18BDE1EF99BFD00F55F5C /* StrategySubstract.m in Sources */,
				04F18BDB1EF99B4200F55F5C /* StrategyAdd.m in Sources */,
				04F18BCF1EF9988B00F55F5C /* main.m in Sources */,
				04F18BD81EF99A7D00F55F5C /* Context.m in Sources */,
			);
			runOnlyForDeploymentPostprocessing = 0;
		};
/* End PBXSourcesBuildPhase section */

/* Begin XCBuildConfiguration section */
		04F18BD01EF9988B00F55F5C /* Debug */ = {
			isa = XCBuildConfiguration;
			buildSettings = {
				ALWAYS_SEARCH_USER_PATHS = NO;
				CLANG_ANALYZER_NONNULL = YES;
				CLANG_ANALYZER_NUMBER_OBJECT_CONVERSION = YES_AGGRESSIVE;
				CLANG_CXX_LANGUAGE_STANDARD = "gnu++0x";
				CLANG_CXX_LIBRARY = "libc++";
				CLANG_ENABLE_MODULES = YES;
				CLANG_ENABLE_OBJC_ARC = YES;
				CLANG_WARN_BOOL_CONVERSION = YES;
				CLANG_WARN_CONSTANT_CONVERSION = YES;
				CLANG_WARN_DIRECT_OBJC_ISA_USAGE = YES_ERROR;
				CLANG_WARN_DOCUMENTATION_COMMENTS = YES;
				CLANG_WARN_EMPTY_BODY = YES;
				CLANG_WARN_ENUM_CONVERSION = YES;
				CLANG_WARN_INFINITE_RECURSION = YES;
				CLANG_WARN_INT_CONVERSION = YES;
				CLANG_WARN_OBJC_ROOT_CLASS = YES_ERROR;
				CLANG_WARN_SUSPICIOUS_MOVE = YES;
				CLANG_WARN_UNREACHABLE_CODE = YES;
				CLANG_WARN__DUPLICATE_METHOD_MATCH = YES;
				CODE_SIGN_IDENTITY = "-";
				COPY_PHASE_STRIP = NO;
				DEBUG_INFORMATION_FORMAT = dwarf;
				ENABLE_STRICT_OBJC_MSGSEND = YES;
				ENABLE_TESTABILITY = YES;
				GCC_C_LANGUAGE_STANDARD = gnu99;
				GCC_DYNAMIC_NO_PIC = NO;
				GCC_NO_COMMON_BLOCKS = YES;
				GCC_OPTIMIZATION_LEVEL = 0;
				GCC_PREPROCESSOR_DEFINITIONS = (
					"DEBUG=1",
					"$(inherited)",
				);
				GCC_WARN_64_TO_32_BIT_CONVERSION = YES;
				GCC_WARN_ABOUT_RETURN_TYPE = YES_ERROR;
				GCC_WARN_UNDECLARED_SELECTOR = YES;
				GCC_WARN_UNINITIALIZED_AUTOS = YES_AGGRESSIVE;
				GCC_WARN_UNUSED_FUNCTION = YES;
				GCC_WARN_UNUSED_VARIABLE = YES;
				MACOSX_DEPLOYMENT_TARGET = 10.12;
				MTL_ENABLE_DEBUG_INFO = YES;
				ONLY_ACTIVE_ARCH = YES;
				SDKROOT = macosx;
			};
			name = Debug;
		};
		04F18BD11EF9988B00F55F5C /* Release */ = {
			isa = XCBuildConfiguration;
			buildSettings = {
				ALWAYS_SEARCH_USER_PATHS = NO;
				CLANG_ANALYZER_NONNULL = YES;
				CLANG_ANALYZER_NUMBER_OBJECT_CONVERSION = YES_AGGRESSIVE;
				CLANG_CXX_LANGUAGE_STANDARD = "gnu++0x";
				CLANG_CXX_LIBRARY = "libc++";
				CLANG_ENABLE_MODULES = YES;
				CLANG_ENABLE_OBJC_ARC = YES;
				CLANG_WARN_BOOL_CONVERSION = YES;
				CLANG_WARN_CONSTANT_CONVERSION = YES;
				CLANG_WARN_DIRECT_OBJC_ISA_USAGE = YES_ERROR;
				CLANG_WARN_DOCUMENTATION_COMMENTS = YES;
				CLANG_WARN_EMPTY_BODY = YES;
				CLANG_WARN_ENUM_CONVERSION = YES;
				CLANG_WARN_INFINITE_RECURSION = YES;
				CLANG_WARN_INT_CONVERSION = YES;
				CLANG_WARN_OBJC_ROOT_CLASS = YES_ERROR;
				CLANG_WARN_SUSPICIOUS_MOVE = YES;
				CLANG_WARN_UNREACHABLE_CODE = YES;
				CLANG_WARN__DUPLICATE_METHOD_MATCH = YES;
				CODE_SIGN_IDENTITY = "-";
				COPY_PHASE_STRIP = NO;
				DEBUG_INFORMATION_FORMAT = "dwarf-with-dsym";
				ENABLE_NS_ASSERTIONS = NO;
				ENABLE_STRICT_OBJC_MSGSEND = YES;
				GCC_C_LANGUAGE_STANDARD = gnu99;
				GCC_NO_COMMON_BLOCKS = YES;
				GCC_WARN_64_TO_32_BIT_CONVERSION = YES;
				GCC_WARN_ABOUT_RETURN_TYPE = YES_ERROR;
				GCC_WARN_UNDECLARED_SELECTOR = YES;
				GCC_WARN_UNINITIALIZED_AUTOS = YES_AGGRESSIVE;
				GCC_WARN_UNUSED_FUNCTION = YES;
				GCC_WARN_UNUSED_VARIABLE = YES;
				MACOSX_DEPLOYMENT_TARGET = 10.12;
				MTL_ENABLE_DEBUG_INFO = NO;
				SDKROOT = macosx;
			};
			name = Release;
		};
		04F18BD31EF9988B00F55F5C /* Debug */ = {
			isa = XCBuildConfiguration;
			buildSettings = {
				DEVELOPMENT_TEAM = 52MJRS22LM;
				PRODUCT_NAME = "$(TARGET_NAME)";
			};
			name = Debug;
		};
		04F18BD41EF9988B00F55F5C /* Release */ = {
			isa = XCBuildConfiguration;
			buildSettings = {
				DEVELOPMENT_TEAM = 52MJRS22LM;
				PRODUCT_NAME = "$(TARGET_NAME)";
			};
			name = Release;
		};
/* End XCBuildConfiguration section */

/* Begin XCConfigurationList section */
		04F18BC61EF9988B00F55F5C /* Build configuration list for PBXProject "strategy" */ = {
			isa = XCConfigurationList;
			buildConfigurations = (
				04F18BD01EF9988B00F55F5C /* Debug */,
				04F18BD11EF9988B00F55F5C /* Release */,
			);
			defaultConfigurationIsVisible = 0;
			defaultConfigurationName = Release;
		};
		04F18BD21EF9988B00F55F5C /* Build configuration list for PBXNativeTarget "strategy" */ = {
			isa = XCConfigurationList;
			buildConfigurations = (
				04F18BD31EF9988B00F55F5C /* Debug */,
				04F18BD41EF9988B00F55F5C /* Release */,
			);
			defaultConfigurationIsVisible = 0;
		};
/* End XCConfigurationList section */
	};
	rootObject = 04F18BC31EF9988B00F55F5C /* Project object */;
}
