// !$*UTF8*$!
{
	archiveVersion = 1;
	classes = {
	};
	objectVersion = 46;
	objects = {

/* Begin PBXBuildFile section */
		9275D6351E9CC9D4000A7AA2 /* main.m in Sources */ = {isa = PBXBuildFile; fileRef = 9275D6341E9CC9D4000A7AA2 /* main.m */; };
		9275D63D1E9CCDB2000A7AA2 /* Card.m in Sources */ = {isa = PBXBuildFile; fileRef = 9275D63C1E9CCDB2000A7AA2 /* Card.m */; };
/* End PBXBuildFile section */

/* Begin PBXCopyFilesBuildPhase section */
		9275D62F1E9CC9D4000A7AA2 /* CopyFiles */ = {
			isa = PBXCopyFilesBuildPhase;
			buildActionMask = 2147483647;
			dstPath = /usr/share/man/man1/;
			dstSubfolderSpec = 0;
			files = (
			);
			runOnlyForDeploymentPostprocessing = 1;
		};
/* End PBXCopyFilesBuildPhase section */

/* Begin PBXFileReference section */
		9275D6311E9CC9D4000A7AA2 /* StanfordU */ = {isa = PBXFileReference; explicitFileType = "compiled.mach-o.executable"; includeInIndex = 0; path = StanfordU; sourceTree = BUILT_PRODUCTS_DIR; };
		9275D6341E9CC9D4000A7AA2 /* main.m */ = {isa = PBXFileReference; lastKnownFileType = sourcecode.c.objc; path = main.m; sourceTree = "<group>"; };
		9275D63B1E9CCDB2000A7AA2 /* Card.h */ = {isa = PBXFileReference; fileEncoding = 4; lastKnownFileType = sourcecode.c.h; path = Card.h; sourceTree = "<group>"; };
		9275D63C1E9CCDB2000A7AA2 /* Card.m */ = {isa = PBXFileReference; fileEncoding = 4; lastKnownFileType = sourcecode.c.objc; path = Card.m; sourceTree = "<group>"; };
/* End PBXFileReference section */

/* Begin PBXFrameworksBuildPhase section */
		9275D62E1E9CC9D4000A7AA2 /* Frameworks */ = {
			isa = PBXFrameworksBuildPhase;
			buildActionMask = 2147483647;
			files = (
			);
			runOnlyForDeploymentPostprocessing = 0;
		};
/* End PBXFrameworksBuildPhase section */

/* Begin PBXGroup section */
		9275D6281E9CC9D4000A7AA2 = {
			isa = PBXGroup;
			children = (
				9275D63B1E9CCDB2000A7AA2 /* Card.h */,
				9275D63C1E9CCDB2000A7AA2 /* Card.m */,
				9275D6331E9CC9D4000A7AA2 /* StanfordU */,
				9275D6321E9CC9D4000A7AA2 /* Products */,
			);
			sourceTree = "<group>";
		};
		9275D6321E9CC9D4000A7AA2 /* Products */ = {
			isa = PBXGroup;
			children = (
				9275D6311E9CC9D4000A7AA2 /* StanfordU */,
			);
			name = Products;
			sourceTree = "<group>";
		};
		9275D6331E9CC9D4000A7AA2 /* StanfordU */ = {
			isa = PBXGroup;
			children = (
				9275D6341E9CC9D4000A7AA2 /* main.m */,
			);
			path = StanfordU;
			sourceTree = "<group>";
		};
/* End PBXGroup section */

/* Begin PBXNativeTarget section */
		9275D6301E9CC9D4000A7AA2 /* StanfordU */ = {
			isa = PBXNativeTarget;
			buildConfigurationList = 9275D6381E9CC9D4000A7AA2 /* Build configuration list for PBXNativeTarget "StanfordU" */;
			buildPhases = (
				9275D62D1E9CC9D4000A7AA2 /* Sources */,
				9275D62E1E9CC9D4000A7AA2 /* Frameworks */,
				9275D62F1E9CC9D4000A7AA2 /* CopyFiles */,
			);
			buildRules = (
			);
			dependencies = (
			);
			name = StanfordU;
			productName = StanfordU;
			productReference = 9275D6311E9CC9D4000A7AA2 /* StanfordU */;
			productType = "com.apple.product-type.tool";
		};
/* End PBXNativeTarget section */

/* Begin PBXProject section */
		9275D6291E9CC9D4000A7AA2 /* Project object */ = {
			isa = PBXProject;
			attributes = {
				LastUpgradeCheck = 0820;
				ORGANIZATIONNAME = "Julia Sharaeva";
				TargetAttributes = {
					9275D6301E9CC9D4000A7AA2 = {
						CreatedOnToolsVersion = 8.2.1;
						ProvisioningStyle = Automatic;
					};
				};
			};
			buildConfigurationList = 9275D62C1E9CC9D4000A7AA2 /* Build configuration list for PBXProject "StanfordU" */;
			compatibilityVersion = "Xcode 3.2";
			developmentRegion = English;
			hasScannedForEncodings = 0;
			knownRegions = (
				en,
			);
			mainGroup = 9275D6281E9CC9D4000A7AA2;
			productRefGroup = 9275D6321E9CC9D4000A7AA2 /* Products */;
			projectDirPath = "";
			projectRoot = "";
			targets = (
				9275D6301E9CC9D4000A7AA2 /* StanfordU */,
			);
		};
/* End PBXProject section */

/* Begin PBXSourcesBuildPhase section */
		9275D62D1E9CC9D4000A7AA2 /* Sources */ = {
			isa = PBXSourcesBuildPhase;
			buildActionMask = 2147483647;
			files = (
				9275D6351E9CC9D4000A7AA2 /* main.m in Sources */,
				9275D63D1E9CCDB2000A7AA2 /* Card.m in Sources */,
			);
			runOnlyForDeploymentPostprocessing = 0;
		};
/* End PBXSourcesBuildPhase section */

/* Begin XCBuildConfiguration section */
		9275D6361E9CC9D4000A7AA2 /* Debug */ = {
			isa = XCBuildConfiguration;
			buildSettings = {
				ALWAYS_SEARCH_USER_PATHS = NO;
				CLANG_ANALYZER_NONNULL = YES;
				CLANG_CXX_LANGUAGE_STANDARD = "gnu++0x";
				CLANG_CXX_LIBRARY = "libc++";
				CLANG_ENABLE_MODULES = YES;
				CLANG_ENABLE_OBJC_ARC = YES;
				CLANG_WARN_BOOL_CONVERSION = YES;
				CLANG_WARN_CONSTANT_CONVERSION = YES;
				CLANG_WARN_DIRECT_OBJC_ISA_USAGE = YES_ERROR;
				CLANG_WARN_DOCUMENTATION_COMMENTS = YES;
				CLANG_WARN_EMPTY_BODY = YES;
				CLANG_WARN_ENUM_CONVERSION = YES;
				CLANG_WARN_INFINITE_RECURSION = YES;
				CLANG_WARN_INT_CONVERSION = YES;
				CLANG_WARN_OBJC_ROOT_CLASS = YES_ERROR;
				CLANG_WARN_SUSPICIOUS_MOVE = YES;
				CLANG_WARN_UNREACHABLE_CODE = YES;
				CLANG_WARN__DUPLICATE_METHOD_MATCH = YES;
				CODE_SIGN_IDENTITY = "-";
				COPY_PHASE_STRIP = NO;
				DEBUG_INFORMATION_FORMAT = dwarf;
				ENABLE_STRICT_OBJC_MSGSEND = YES;
				ENABLE_TESTABILITY = YES;
				GCC_C_LANGUAGE_STANDARD = gnu99;
				GCC_DYNAMIC_NO_PIC = NO;
				GCC_NO_COMMON_BLOCKS = YES;
				GCC_OPTIMIZATION_LEVEL = 0;
				GCC_PREPROCESSOR_DEFINITIONS = (
					"DEBUG=1",
					"$(inherited)",
				);
				GCC_WARN_64_TO_32_BIT_CONVERSION = YES;
				GCC_WARN_ABOUT_RETURN_TYPE = YES_ERROR;
				GCC_WARN_UNDECLARED_SELECTOR = YES;
				GCC_WARN_UNINITIALIZED_AUTOS = YES_AGGRESSIVE;
				GCC_WARN_UNUSED_FUNCTION = YES;
				GCC_WARN_UNUSED_VARIABLE = YES;
				MACOSX_DEPLOYMENT_TARGET = 10.12;
				MTL_ENABLE_DEBUG_INFO = YES;
				ONLY_ACTIVE_ARCH = YES;
				SDKROOT = macosx;
			};
			name = Debug;
		};
		9275D6371E9CC9D4000A7AA2 /* Release */ = {
			isa = XCBuildConfiguration;
			buildSettings = {
				ALWAYS_SEARCH_USER_PATHS = NO;
				CLANG_ANALYZER_NONNULL = YES;
				CLANG_CXX_LANGUAGE_STANDARD = "gnu++0x";
				CLANG_CXX_LIBRARY = "libc++";
				CLANG_ENABLE_MODULES = YES;
				CLANG_ENABLE_OBJC_ARC = YES;
				CLANG_WARN_BOOL_CONVERSION = YES;
				CLANG_WARN_CONSTANT_CONVERSION = YES;
				CLANG_WARN_DIRECT_OBJC_ISA_USAGE = YES_ERROR;
				CLANG_WARN_DOCUMENTATION_COMMENTS = YES;
				CLANG_WARN_EMPTY_BODY = YES;
				CLANG_WARN_ENUM_CONVERSION = YES;
				CLANG_WARN_INFINITE_RECURSION = YES;
				CLANG_WARN_INT_CONVERSION = YES;
				CLANG_WARN_OBJC_ROOT_CLASS = YES_ERROR;
				CLANG_WARN_SUSPICIOUS_MOVE = YES;
				CLANG_WARN_UNREACHABLE_CODE = YES;
				CLANG_WARN__DUPLICATE_METHOD_MATCH = YES;
				CODE_SIGN_IDENTITY = "-";
				COPY_PHASE_STRIP = NO;
				DEBUG_INFORMATION_FORMAT = "dwarf-with-dsym";
				ENABLE_NS_ASSERTIONS = NO;
				ENABLE_STRICT_OBJC_MSGSEND = YES;
				GCC_C_LANGUAGE_STANDARD = gnu99;
				GCC_NO_COMMON_BLOCKS = YES;
				GCC_WARN_64_TO_32_BIT_CONVERSION = YES;
				GCC_WARN_ABOUT_RETURN_TYPE = YES_ERROR;
				GCC_WARN_UNDECLARED_SELECTOR = YES;
				GCC_WARN_UNINITIALIZED_AUTOS = YES_AGGRESSIVE;
				GCC_WARN_UNUSED_FUNCTION = YES;
				GCC_WARN_UNUSED_VARIABLE = YES;
				MACOSX_DEPLOYMENT_TARGET = 10.12;
				MTL_ENABLE_DEBUG_INFO = NO;
				SDKROOT = macosx;
			};
			name = Release;
		};
		9275D6391E9CC9D4000A7AA2 /* Debug */ = {
			isa = XCBuildConfiguration;
			buildSettings = {
				PRODUCT_NAME = "$(TARGET_NAME)";
			};
			name = Debug;
		};
		9275D63A1E9CC9D4000A7AA2 /* Release */ = {
			isa = XCBuildConfiguration;
			buildSettings = {
				PRODUCT_NAME = "$(TARGET_NAME)";
			};
			name = Release;
		};
/* End XCBuildConfiguration section */

/* Begin XCConfigurationList section */
		9275D62C1E9CC9D4000A7AA2 /* Build configuration list for PBXProject "StanfordU" */ = {
			isa = XCConfigurationList;
			buildConfigurations = (
				9275D6361E9CC9D4000A7AA2 /* Debug */,
				9275D6371E9CC9D4000A7AA2 /* Release */,
			);
			defaultConfigurationIsVisible = 0;
			defaultConfigurationName = Release;
		};
		9275D6381E9CC9D4000A7AA2 /* Build configuration list for PBXNativeTarget "StanfordU" */ = {
			isa = XCConfigurationList;
			buildConfigurations = (
				9275D6391E9CC9D4000A7AA2 /* Debug */,
				9275D63A1E9CC9D4000A7AA2 /* Release */,
			);
			defaultConfigurationIsVisible = 0;
		};
/* End XCConfigurationList section */
	};
	rootObject = 9275D6291E9CC9D4000A7AA2 /* Project object */;
}
