// !$*UTF8*$!
{
	archiveVersion = 1;
	classes = {
	};
	objectVersion = 46;
	objects = {

/* Begin PBXBuildFile section */
		258515AE4E0F020A9986FA3D /* libPods-ShowPictureFromFlickr.a in Frameworks */ = {isa = PBXBuildFile; fileRef = 1ECB20E1F81B0C18F2EC3306 /* libPods-ShowPictureFromFlickr.a */; };
		92FF94821ED07C03009BC2E1 /* main.m in Sources */ = {isa = PBXBuildFile; fileRef = 92FF94811ED07C03009BC2E1 /* main.m */; };
		92FF94851ED07C03009BC2E1 /* AppDelegate.m in Sources */ = {isa = PBXBuildFile; fileRef = 92FF94841ED07C03009BC2E1 /* AppDelegate.m */; };
		92FF948D1ED07C03009BC2E1 /* Assets.xcassets in Resources */ = {isa = PBXBuildFile; fileRef = 92FF948C1ED07C03009BC2E1 /* Assets.xcassets */; };
		92FF949C1ED07C8E009BC2E1 /* SPFDownloadingPictureOperation.m in Sources */ = {isa = PBXBuildFile; fileRef = 92FF949B1ED07C8E009BC2E1 /* SPFDownloadingPictureOperation.m */; };
		92FF949F1ED07CD0009BC2E1 /* SPFCustomCell.m in Sources */ = {isa = PBXBuildFile; fileRef = 92FF949E1ED07CD0009BC2E1 /* SPFCustomCell.m */; };
		92FF94A21ED07ED3009BC2E1 /* SPFViewController.m in Sources */ = {isa = PBXBuildFile; fileRef = 92FF94A11ED07ED3009BC2E1 /* SPFViewController.m */; };
		92FF94A81ED085C6009BC2E1 /* SPFPicture.m in Sources */ = {isa = PBXBuildFile; fileRef = 92FF94A71ED085C6009BC2E1 /* SPFPicture.m */; };
		92FF94AB1ED0DA82009BC2E1 /* SPFPendingOperations.m in Sources */ = {isa = PBXBuildFile; fileRef = 92FF94AA1ED0DA82009BC2E1 /* SPFPendingOperations.m */; };
		92FF94AE1ED0DB39009BC2E1 /* SPFFiltrationPictureOperation.m in Sources */ = {isa = PBXBuildFile; fileRef = 92FF94AD1ED0DB39009BC2E1 /* SPFFiltrationPictureOperation.m */; };
		92FF94B11ED1812D009BC2E1 /* SPFGetListOfPicturesFromFlickr.m in Sources */ = {isa = PBXBuildFile; fileRef = 92FF94B01ED1812D009BC2E1 /* SPFGetListOfPicturesFromFlickr.m */; };
/* End PBXBuildFile section */

/* Begin PBXFileReference section */
		1ECB20E1F81B0C18F2EC3306 /* libPods-ShowPictureFromFlickr.a */ = {isa = PBXFileReference; explicitFileType = archive.ar; includeInIndex = 0; path = "libPods-ShowPictureFromFlickr.a"; sourceTree = BUILT_PRODUCTS_DIR; };
		2814285FF585569ABA694C86 /* Pods-ShowPictureFromFlickr.release.xcconfig */ = {isa = PBXFileReference; includeInIndex = 1; lastKnownFileType = text.xcconfig; name = "Pods-ShowPictureFromFlickr.release.xcconfig"; path = "Pods/Target Support Files/Pods-ShowPictureFromFlickr/Pods-ShowPictureFromFlickr.release.xcconfig"; sourceTree = "<group>"; };
		36FB02D87528649E1DCE0186 /* Pods-ShowPictureFromFlickr.debug.xcconfig */ = {isa = PBXFileReference; includeInIndex = 1; lastKnownFileType = text.xcconfig; name = "Pods-ShowPictureFromFlickr.debug.xcconfig"; path = "Pods/Target Support Files/Pods-ShowPictureFromFlickr/Pods-ShowPictureFromFlickr.debug.xcconfig"; sourceTree = "<group>"; };
		92FF947D1ED07C03009BC2E1 /* ShowPictureFromFlickr.app */ = {isa = PBXFileReference; explicitFileType = wrapper.application; includeInIndex = 0; path = ShowPictureFromFlickr.app; sourceTree = BUILT_PRODUCTS_DIR; };
		92FF94811ED07C03009BC2E1 /* main.m */ = {isa = PBXFileReference; lastKnownFileType = sourcecode.c.objc; path = main.m; sourceTree = "<group>"; };
		92FF94831ED07C03009BC2E1 /* AppDelegate.h */ = {isa = PBXFileReference; lastKnownFileType = sourcecode.c.h; path = AppDelegate.h; sourceTree = "<group>"; };
		92FF94841ED07C03009BC2E1 /* AppDelegate.m */ = {isa = PBXFileReference; lastKnownFileType = sourcecode.c.objc; path = AppDelegate.m; sourceTree = "<group>"; };
		92FF948C1ED07C03009BC2E1 /* Assets.xcassets */ = {isa = PBXFileReference; lastKnownFileType = folder.assetcatalog; path = Assets.xcassets; sourceTree = "<group>"; };
		92FF94911ED07C03009BC2E1 /* Info.plist */ = {isa = PBXFileReference; lastKnownFileType = text.plist.xml; path = Info.plist; sourceTree = "<group>"; };
		92FF949A1ED07C8E009BC2E1 /* SPFDownloadingPictureOperation.h */ = {isa = PBXFileReference; fileEncoding = 4; lastKnownFileType = sourcecode.c.h; path = SPFDownloadingPictureOperation.h; sourceTree = "<group>"; };
		92FF949B1ED07C8E009BC2E1 /* SPFDownloadingPictureOperation.m */ = {isa = PBXFileReference; fileEncoding = 4; lastKnownFileType = sourcecode.c.objc; path = SPFDownloadingPictureOperation.m; sourceTree = "<group>"; };
		92FF949D1ED07CD0009BC2E1 /* SPFCustomCell.h */ = {isa = PBXFileReference; fileEncoding = 4; lastKnownFileType = sourcecode.c.h; path = SPFCustomCell.h; sourceTree = "<group>"; };
		92FF949E1ED07CD0009BC2E1 /* SPFCustomCell.m */ = {isa = PBXFileReference; fileEncoding = 4; lastKnownFileType = sourcecode.c.objc; path = SPFCustomCell.m; sourceTree = "<group>"; };
		92FF94A01ED07ED3009BC2E1 /* SPFViewController.h */ = {isa = PBXFileReference; fileEncoding = 4; lastKnownFileType = sourcecode.c.h; path = SPFViewController.h; sourceTree = "<group>"; };
		92FF94A11ED07ED3009BC2E1 /* SPFViewController.m */ = {isa = PBXFileReference; fileEncoding = 4; lastKnownFileType = sourcecode.c.objc; path = SPFViewController.m; sourceTree = "<group>"; };
		92FF94A61ED085C6009BC2E1 /* SPFPicture.h */ = {isa = PBXFileReference; fileEncoding = 4; lastKnownFileType = sourcecode.c.h; path = SPFPicture.h; sourceTree = "<group>"; };
		92FF94A71ED085C6009BC2E1 /* SPFPicture.m */ = {isa = PBXFileReference; fileEncoding = 4; lastKnownFileType = sourcecode.c.objc; path = SPFPicture.m; sourceTree = "<group>"; };
		92FF94A91ED0DA82009BC2E1 /* SPFPendingOperations.h */ = {isa = PBXFileReference; fileEncoding = 4; lastKnownFileType = sourcecode.c.h; path = SPFPendingOperations.h; sourceTree = "<group>"; };
		92FF94AA1ED0DA82009BC2E1 /* SPFPendingOperations.m */ = {isa = PBXFileReference; fileEncoding = 4; lastKnownFileType = sourcecode.c.objc; path = SPFPendingOperations.m; sourceTree = "<group>"; };
		92FF94AC1ED0DB39009BC2E1 /* SPFFiltrationPictureOperation.h */ = {isa = PBXFileReference; fileEncoding = 4; lastKnownFileType = sourcecode.c.h; path = SPFFiltrationPictureOperation.h; sourceTree = "<group>"; };
		92FF94AD1ED0DB39009BC2E1 /* SPFFiltrationPictureOperation.m */ = {isa = PBXFileReference; fileEncoding = 4; lastKnownFileType = sourcecode.c.objc; path = SPFFiltrationPictureOperation.m; sourceTree = "<group>"; };
		92FF94AF1ED1812D009BC2E1 /* SPFGetListOfPicturesFromFlickr.h */ = {isa = PBXFileReference; fileEncoding = 4; lastKnownFileType = sourcecode.c.h; path = SPFGetListOfPicturesFromFlickr.h; sourceTree = "<group>"; };
		92FF94B01ED1812D009BC2E1 /* SPFGetListOfPicturesFromFlickr.m */ = {isa = PBXFileReference; fileEncoding = 4; lastKnownFileType = sourcecode.c.objc; path = SPFGetListOfPicturesFromFlickr.m; sourceTree = "<group>"; };
/* End PBXFileReference section */

/* Begin PBXFrameworksBuildPhase section */
		92FF947A1ED07C03009BC2E1 /* Frameworks */ = {
			isa = PBXFrameworksBuildPhase;
			buildActionMask = 2147483647;
			files = (
				258515AE4E0F020A9986FA3D /* libPods-ShowPictureFromFlickr.a in Frameworks */,
			);
			runOnlyForDeploymentPostprocessing = 0;
		};
/* End PBXFrameworksBuildPhase section */

/* Begin PBXGroup section */
		697D787B32B6F64C99F55159 /* Pods */ = {
			isa = PBXGroup;
			children = (
				36FB02D87528649E1DCE0186 /* Pods-ShowPictureFromFlickr.debug.xcconfig */,
				2814285FF585569ABA694C86 /* Pods-ShowPictureFromFlickr.release.xcconfig */,
			);
			name = Pods;
			sourceTree = "<group>";
		};
		92FF94741ED07C03009BC2E1 = {
			isa = PBXGroup;
			children = (
				92FF947F1ED07C03009BC2E1 /* ShowPictureFromFlickr */,
				92FF947E1ED07C03009BC2E1 /* Products */,
				697D787B32B6F64C99F55159 /* Pods */,
				F2FD9F513DDC657D448876CB /* Frameworks */,
			);
			sourceTree = "<group>";
		};
		92FF947E1ED07C03009BC2E1 /* Products */ = {
			isa = PBXGroup;
			children = (
				92FF947D1ED07C03009BC2E1 /* ShowPictureFromFlickr.app */,
			);
			name = Products;
			sourceTree = "<group>";
		};
		92FF947F1ED07C03009BC2E1 /* ShowPictureFromFlickr */ = {
			isa = PBXGroup;
			children = (
				92FF94831ED07C03009BC2E1 /* AppDelegate.h */,
				92FF94841ED07C03009BC2E1 /* AppDelegate.m */,
				92FF948C1ED07C03009BC2E1 /* Assets.xcassets */,
				92FF94911ED07C03009BC2E1 /* Info.plist */,
				92FF94801ED07C03009BC2E1 /* Supporting Files */,
				92FF949A1ED07C8E009BC2E1 /* SPFDownloadingPictureOperation.h */,
				92FF949B1ED07C8E009BC2E1 /* SPFDownloadingPictureOperation.m */,
				92FF949D1ED07CD0009BC2E1 /* SPFCustomCell.h */,
				92FF949E1ED07CD0009BC2E1 /* SPFCustomCell.m */,
				92FF94A01ED07ED3009BC2E1 /* SPFViewController.h */,
				92FF94A11ED07ED3009BC2E1 /* SPFViewController.m */,
				92FF94A61ED085C6009BC2E1 /* SPFPicture.h */,
				92FF94A71ED085C6009BC2E1 /* SPFPicture.m */,
				92FF94A91ED0DA82009BC2E1 /* SPFPendingOperations.h */,
				92FF94AA1ED0DA82009BC2E1 /* SPFPendingOperations.m */,
				92FF94AC1ED0DB39009BC2E1 /* SPFFiltrationPictureOperation.h */,
				92FF94AD1ED0DB39009BC2E1 /* SPFFiltrationPictureOperation.m */,
				92FF94AF1ED1812D009BC2E1 /* SPFGetListOfPicturesFromFlickr.h */,
				92FF94B01ED1812D009BC2E1 /* SPFGetListOfPicturesFromFlickr.m */,
			);
			path = ShowPictureFromFlickr;
			sourceTree = "<group>";
		};
		92FF94801ED07C03009BC2E1 /* Supporting Files */ = {
			isa = PBXGroup;
			children = (
				92FF94811ED07C03009BC2E1 /* main.m */,
			);
			name = "Supporting Files";
			sourceTree = "<group>";
		};
		F2FD9F513DDC657D448876CB /* Frameworks */ = {
			isa = PBXGroup;
			children = (
				1ECB20E1F81B0C18F2EC3306 /* libPods-ShowPictureFromFlickr.a */,
			);
			name = Frameworks;
			sourceTree = "<group>";
		};
/* End PBXGroup section */

/* Begin PBXNativeTarget section */
		92FF947C1ED07C03009BC2E1 /* ShowPictureFromFlickr */ = {
			isa = PBXNativeTarget;
			buildConfigurationList = 92FF94941ED07C03009BC2E1 /* Build configuration list for PBXNativeTarget "ShowPictureFromFlickr" */;
			buildPhases = (
				33511F4EBC191277D0FAE9B8 /* [CP] Check Pods Manifest.lock */,
				92FF94791ED07C03009BC2E1 /* Sources */,
				92FF947A1ED07C03009BC2E1 /* Frameworks */,
				92FF947B1ED07C03009BC2E1 /* Resources */,
				8D5535EB789217776015FD8E /* [CP] Embed Pods Frameworks */,
				5DD7A299CEF56233A4F93CDB /* [CP] Copy Pods Resources */,
			);
			buildRules = (
			);
			dependencies = (
			);
			name = ShowPictureFromFlickr;
			productName = ShowPictureFromFlickr;
			productReference = 92FF947D1ED07C03009BC2E1 /* ShowPictureFromFlickr.app */;
			productType = "com.apple.product-type.application";
		};
/* End PBXNativeTarget section */

/* Begin PBXProject section */
		92FF94751ED07C03009BC2E1 /* Project object */ = {
			isa = PBXProject;
			attributes = {
				LastUpgradeCheck = 0830;
				ORGANIZATIONNAME = "Julia Sharaeva";
				TargetAttributes = {
					92FF947C1ED07C03009BC2E1 = {
						CreatedOnToolsVersion = 8.3.2;
						DevelopmentTeam = P85JQ5XGQC;
						ProvisioningStyle = Automatic;
					};
				};
			};
			buildConfigurationList = 92FF94781ED07C03009BC2E1 /* Build configuration list for PBXProject "ShowPictureFromFlickr" */;
			compatibilityVersion = "Xcode 3.2";
			developmentRegion = English;
			hasScannedForEncodings = 0;
			knownRegions = (
				en,
				Base,
			);
			mainGroup = 92FF94741ED07C03009BC2E1;
			productRefGroup = 92FF947E1ED07C03009BC2E1 /* Products */;
			projectDirPath = "";
			projectRoot = "";
			targets = (
				92FF947C1ED07C03009BC2E1 /* ShowPictureFromFlickr */,
			);
		};
/* End PBXProject section */

/* Begin PBXResourcesBuildPhase section */
		92FF947B1ED07C03009BC2E1 /* Resources */ = {
			isa = PBXResourcesBuildPhase;
			buildActionMask = 2147483647;
			files = (
				92FF948D1ED07C03009BC2E1 /* Assets.xcassets in Resources */,
			);
			runOnlyForDeploymentPostprocessing = 0;
		};
/* End PBXResourcesBuildPhase section */

/* Begin PBXShellScriptBuildPhase section */
		33511F4EBC191277D0FAE9B8 /* [CP] Check Pods Manifest.lock */ = {
			isa = PBXShellScriptBuildPhase;
			buildActionMask = 2147483647;
			files = (
			);
			inputPaths = (
			);
			name = "[CP] Check Pods Manifest.lock";
			outputPaths = (
			);
			runOnlyForDeploymentPostprocessing = 0;
			shellPath = /bin/sh;
			shellScript = "diff \"${PODS_PODFILE_DIR_PATH}/Podfile.lock\" \"${PODS_ROOT}/Manifest.lock\" > /dev/null\nif [ $? != 0 ] ; then\n    # print error to STDERR\n    echo \"error: The sandbox is not in sync with the Podfile.lock. Run 'pod install' or update your CocoaPods installation.\" >&2\n    exit 1\nfi\n";
			showEnvVarsInLog = 0;
		};
		5DD7A299CEF56233A4F93CDB /* [CP] Copy Pods Resources */ = {
			isa = PBXShellScriptBuildPhase;
			buildActionMask = 2147483647;
			files = (
			);
			inputPaths = (
			);
			name = "[CP] Copy Pods Resources";
			outputPaths = (
			);
			runOnlyForDeploymentPostprocessing = 0;
			shellPath = /bin/sh;
			shellScript = "\"${SRCROOT}/Pods/Target Support Files/Pods-ShowPictureFromFlickr/Pods-ShowPictureFromFlickr-resources.sh\"\n";
			showEnvVarsInLog = 0;
		};
		8D5535EB789217776015FD8E /* [CP] Embed Pods Frameworks */ = {
			isa = PBXShellScriptBuildPhase;
			buildActionMask = 2147483647;
			files = (
			);
			inputPaths = (
			);
			name = "[CP] Embed Pods Frameworks";
			outputPaths = (
			);
			runOnlyForDeploymentPostprocessing = 0;
			shellPath = /bin/sh;
			shellScript = "\"${SRCROOT}/Pods/Target Support Files/Pods-ShowPictureFromFlickr/Pods-ShowPictureFromFlickr-frameworks.sh\"\n";
			showEnvVarsInLog = 0;
		};
/* End PBXShellScriptBuildPhase section */

/* Begin PBXSourcesBuildPhase section */
		92FF94791ED07C03009BC2E1 /* Sources */ = {
			isa = PBXSourcesBuildPhase;
			buildActionMask = 2147483647;
			files = (
				92FF949F1ED07CD0009BC2E1 /* SPFCustomCell.m in Sources */,
				92FF94851ED07C03009BC2E1 /* AppDelegate.m in Sources */,
				92FF94A21ED07ED3009BC2E1 /* SPFViewController.m in Sources */,
				92FF949C1ED07C8E009BC2E1 /* SPFDownloadingPictureOperation.m in Sources */,
				92FF94A81ED085C6009BC2E1 /* SPFPicture.m in Sources */,
				92FF94821ED07C03009BC2E1 /* main.m in Sources */,
				92FF94AB1ED0DA82009BC2E1 /* SPFPendingOperations.m in Sources */,
				92FF94B11ED1812D009BC2E1 /* SPFGetListOfPicturesFromFlickr.m in Sources */,
				92FF94AE1ED0DB39009BC2E1 /* SPFFiltrationPictureOperation.m in Sources */,
			);
			runOnlyForDeploymentPostprocessing = 0;
		};
/* End PBXSourcesBuildPhase section */

/* Begin XCBuildConfiguration section */
		92FF94921ED07C03009BC2E1 /* Debug */ = {
			isa = XCBuildConfiguration;
			buildSettings = {
				ALWAYS_SEARCH_USER_PATHS = NO;
				CLANG_ANALYZER_NONNULL = YES;
				CLANG_ANALYZER_NUMBER_OBJECT_CONVERSION = YES_AGGRESSIVE;
				CLANG_CXX_LANGUAGE_STANDARD = "gnu++0x";
				CLANG_CXX_LIBRARY = "libc++";
				CLANG_ENABLE_MODULES = YES;
				CLANG_ENABLE_OBJC_ARC = YES;
				CLANG_WARN_BOOL_CONVERSION = YES;
				CLANG_WARN_CONSTANT_CONVERSION = YES;
				CLANG_WARN_DIRECT_OBJC_ISA_USAGE = YES_ERROR;
				CLANG_WARN_DOCUMENTATION_COMMENTS = YES;
				CLANG_WARN_EMPTY_BODY = YES;
				CLANG_WARN_ENUM_CONVERSION = YES;
				CLANG_WARN_INFINITE_RECURSION = YES;
				CLANG_WARN_INT_CONVERSION = YES;
				CLANG_WARN_OBJC_ROOT_CLASS = YES_ERROR;
				CLANG_WARN_SUSPICIOUS_MOVE = YES;
				CLANG_WARN_UNREACHABLE_CODE = YES;
				CLANG_WARN__DUPLICATE_METHOD_MATCH = YES;
				"CODE_SIGN_IDENTITY[sdk=iphoneos*]" = "iPhone Developer";
				COPY_PHASE_STRIP = NO;
				DEBUG_INFORMATION_FORMAT = dwarf;
				ENABLE_STRICT_OBJC_MSGSEND = YES;
				ENABLE_TESTABILITY = YES;
				GCC_C_LANGUAGE_STANDARD = gnu99;
				GCC_DYNAMIC_NO_PIC = NO;
				GCC_NO_COMMON_BLOCKS = YES;
				GCC_OPTIMIZATION_LEVEL = 0;
				GCC_PREPROCESSOR_DEFINITIONS = (
					"DEBUG=1",
					"$(inherited)",
				);
				GCC_WARN_64_TO_32_BIT_CONVERSION = YES;
				GCC_WARN_ABOUT_RETURN_TYPE = YES_ERROR;
				GCC_WARN_UNDECLARED_SELECTOR = YES;
				GCC_WARN_UNINITIALIZED_AUTOS = YES_AGGRESSIVE;
				GCC_WARN_UNUSED_FUNCTION = YES;
				GCC_WARN_UNUSED_VARIABLE = YES;
				IPHONEOS_DEPLOYMENT_TARGET = 10.3;
				MTL_ENABLE_DEBUG_INFO = YES;
				ONLY_ACTIVE_ARCH = YES;
				SDKROOT = iphoneos;
			};
			name = Debug;
		};
		92FF94931ED07C03009BC2E1 /* Release */ = {
			isa = XCBuildConfiguration;
			buildSettings = {
				ALWAYS_SEARCH_USER_PATHS = NO;
				CLANG_ANALYZER_NONNULL = YES;
				CLANG_ANALYZER_NUMBER_OBJECT_CONVERSION = YES_AGGRESSIVE;
				CLANG_CXX_LANGUAGE_STANDARD = "gnu++0x";
				CLANG_CXX_LIBRARY = "libc++";
				CLANG_ENABLE_MODULES = YES;
				CLANG_ENABLE_OBJC_ARC = YES;
				CLANG_WARN_BOOL_CONVERSION = YES;
				CLANG_WARN_CONSTANT_CONVERSION = YES;
				CLANG_WARN_DIRECT_OBJC_ISA_USAGE = YES_ERROR;
				CLANG_WARN_DOCUMENTATION_COMMENTS = YES;
				CLANG_WARN_EMPTY_BODY = YES;
				CLANG_WARN_ENUM_CONVERSION = YES;
				CLANG_WARN_INFINITE_RECURSION = YES;
				CLANG_WARN_INT_CONVERSION = YES;
				CLANG_WARN_OBJC_ROOT_CLASS = YES_ERROR;
				CLANG_WARN_SUSPICIOUS_MOVE = YES;
				CLANG_WARN_UNREACHABLE_CODE = YES;
				CLANG_WARN__DUPLICATE_METHOD_MATCH = YES;
				"CODE_SIGN_IDENTITY[sdk=iphoneos*]" = "iPhone Developer";
				COPY_PHASE_STRIP = NO;
				DEBUG_INFORMATION_FORMAT = "dwarf-with-dsym";
				ENABLE_NS_ASSERTIONS = NO;
				ENABLE_STRICT_OBJC_MSGSEND = YES;
				GCC_C_LANGUAGE_STANDARD = gnu99;
				GCC_NO_COMMON_BLOCKS = YES;
				GCC_WARN_64_TO_32_BIT_CONVERSION = YES;
				GCC_WARN_ABOUT_RETURN_TYPE = YES_ERROR;
				GCC_WARN_UNDECLARED_SELECTOR = YES;
				GCC_WARN_UNINITIALIZED_AUTOS = YES_AGGRESSIVE;
				GCC_WARN_UNUSED_FUNCTION = YES;
				GCC_WARN_UNUSED_VARIABLE = YES;
				IPHONEOS_DEPLOYMENT_TARGET = 10.3;
				MTL_ENABLE_DEBUG_INFO = NO;
				SDKROOT = iphoneos;
				VALIDATE_PRODUCT = YES;
			};
			name = Release;
		};
		92FF94951ED07C03009BC2E1 /* Debug */ = {
			isa = XCBuildConfiguration;
			baseConfigurationReference = 36FB02D87528649E1DCE0186 /* Pods-ShowPictureFromFlickr.debug.xcconfig */;
			buildSettings = {
				ASSETCATALOG_COMPILER_APPICON_NAME = AppIcon;
				DEVELOPMENT_TEAM = P85JQ5XGQC;
				INFOPLIST_FILE = ShowPictureFromFlickr/Info.plist;
				LD_RUNPATH_SEARCH_PATHS = "$(inherited) @executable_path/Frameworks";
				PRODUCT_BUNDLE_IDENTIFIER = home.ShowPictureFromFlickr;
				PRODUCT_NAME = "$(TARGET_NAME)";
			};
			name = Debug;
		};
		92FF94961ED07C03009BC2E1 /* Release */ = {
			isa = XCBuildConfiguration;
			baseConfigurationReference = 2814285FF585569ABA694C86 /* Pods-ShowPictureFromFlickr.release.xcconfig */;
			buildSettings = {
				ASSETCATALOG_COMPILER_APPICON_NAME = AppIcon;
				DEVELOPMENT_TEAM = P85JQ5XGQC;
				INFOPLIST_FILE = ShowPictureFromFlickr/Info.plist;
				LD_RUNPATH_SEARCH_PATHS = "$(inherited) @executable_path/Frameworks";
				PRODUCT_BUNDLE_IDENTIFIER = home.ShowPictureFromFlickr;
				PRODUCT_NAME = "$(TARGET_NAME)";
			};
			name = Release;
		};
/* End XCBuildConfiguration section */

/* Begin XCConfigurationList section */
		92FF94781ED07C03009BC2E1 /* Build configuration list for PBXProject "ShowPictureFromFlickr" */ = {
			isa = XCConfigurationList;
			buildConfigurations = (
				92FF94921ED07C03009BC2E1 /* Debug */,
				92FF94931ED07C03009BC2E1 /* Release */,
			);
			defaultConfigurationIsVisible = 0;
			defaultConfigurationName = Release;
		};
		92FF94941ED07C03009BC2E1 /* Build configuration list for PBXNativeTarget "ShowPictureFromFlickr" */ = {
			isa = XCConfigurationList;
			buildConfigurations = (
				92FF94951ED07C03009BC2E1 /* Debug */,
				92FF94961ED07C03009BC2E1 /* Release */,
			);
			defaultConfigurationIsVisible = 0;
			defaultConfigurationName = Release;
		};
/* End XCConfigurationList section */
	};
	rootObject = 92FF94751ED07C03009BC2E1 /* Project object */;
}
